
Microsoft Visual Studio Solution File, Format Version 12.00
# Visual Studio Version 16
VisualStudioVersion = 16.0.31702.278
MinimumVisualStudioVersion = 10.0.40219.1
Project("{FAE04EC0-301F-11D3-BF4B-00C04F79EFBC}") = "MatrixCalculator.WPF", "MatrixCalculator.WPF\MatrixCalculator.WPF.csproj", "{40892965-CAC2-4C2A-A680-5C6D98A51E67}"
EndProject
Project("{9A19103F-16F7-4668-BE54-9A1E7A4F7556}") = "MatrixOperations.BL", "..\MatrixCalculator.BL\MatrixOperations.BL.csproj", "{929D3134-B662-4075-BBA5-267153688477}"
EndProject
Global
	GlobalSection(SolutionConfigurationPlatforms) = preSolution
		Debug|Any CPU = Debug|Any CPU
		Release|Any CPU = Release|Any CPU
	EndGlobalSection
	GlobalSection(ProjectConfigurationPlatforms) = postSolution
		{40892965-CAC2-4C2A-A680-5C6D98A51E67}.Debug|Any CPU.ActiveCfg = Debug|Any CPU
		{40892965-CAC2-4C2A-A680-5C6D98A51E67}.Debug|Any CPU.Build.0 = Debug|Any CPU
		{40892965-CAC2-4C2A-A680-5C6D98A51E67}.Release|Any CPU.ActiveCfg = Release|Any CPU
		{40892965-CAC2-4C2A-A680-5C6D98A51E67}.Release|Any CPU.Build.0 = Release|Any CPU
		{929D3134-B662-4075-BBA5-267153688477}.Debug|Any CPU.ActiveCfg = Debug|Any CPU
		{929D3134-B662-4075-BBA5-267153688477}.Debug|Any CPU.Build.0 = Debug|Any CPU
		{929D3134-B662-4075-BBA5-267153688477}.Release|Any CPU.ActiveCfg = Release|Any CPU
		{929D3134-B662-4075-BBA5-267153688477}.Release|Any CPU.Build.0 = Release|Any CPU
	EndGlobalSection
	GlobalSection(SolutionProperties) = preSolution
		HideSolutionNode = FALSE
	EndGlobalSection
	GlobalSection(ExtensibilityGlobals) = postSolution
		SolutionGuid = {A57BE962-EDCF-41FF-A949-5C2995AEE73A}
	EndGlobalSection
EndGlobal
